
Microsoft Visual Studio Solution File, Format Version 12.00
# Visual Studio Version 16
VisualStudioVersion = 16.0.29806.167
MinimumVisualStudioVersion = 10.0.40219.1
Project("{FAE04EC0-301F-11D3-BF4B-00C04F79EFBC}") = "CoreASP", "CoreASP\CoreASP.csproj", "{E20F94C1-E8D9-42E8-93AE-875255CE064A}"
EndProject
Global
	GlobalSection(SolutionConfigurationPlatforms) = preSolution
		Debug|Any CPU = Debug|Any CPU
		Release|Any CPU = Release|Any CPU
	EndGlobalSection
	GlobalSection(ProjectConfigurationPlatforms) = postSolution
		{E20F94C1-E8D9-42E8-93AE-875255CE064A}.Debug|Any CPU.ActiveCfg = Debug|Any CPU
		{E20F94C1-E8D9-42E8-93AE-875255CE064A}.Debug|Any CPU.Build.0 = Debug|Any CPU
		{E20F94C1-E8D9-42E8-93AE-875255CE064A}.Release|Any CPU.ActiveCfg = Release|Any CPU
		{E20F94C1-E8D9-42E8-93AE-875255CE064A}.Release|Any CPU.Build.0 = Release|Any CPU
	EndGlobalSection
	GlobalSection(SolutionProperties) = preSolution
		HideSolutionNode = FALSE
	EndGlobalSection
	GlobalSection(ExtensibilityGlobals) = postSolution
		SolutionGuid = {4EF09572-9BAA-451E-B7EA-8B3E64FBA9BB}
	EndGlobalSection
EndGlobal
